
Microsoft Visual Studio Solution File, Format Version 12.00
# Visual Studio Version 16
VisualStudioVersion = 16.0.30711.63
MinimumVisualStudioVersion = 10.0.40219.1
Project("{FAE04EC0-301F-11D3-BF4B-00C04F79EFBC}") = "ISExample.Web", "ISExample.Web\ISExample.Web.csproj", "{EC5160A3-F5DE-4361-8062-DECFDF581A15}"
EndProject
Project("{FAE04EC0-301F-11D3-BF4B-00C04F79EFBC}") = "ISExample.Auth", "ISExample.Auth\ISExample.Auth.csproj", "{279F75F4-78DD-4A16-A651-D6DCC97EABC6}"
EndProject
Global
	GlobalSection(SolutionConfigurationPlatforms) = preSolution
		Debug|Any CPU = Debug|Any CPU
		Release|Any CPU = Release|Any CPU
	EndGlobalSection
	GlobalSection(ProjectConfigurationPlatforms) = postSolution
		{EC5160A3-F5DE-4361-8062-DECFDF581A15}.Debug|Any CPU.ActiveCfg = Debug|Any CPU
		{EC5160A3-F5DE-4361-8062-DECFDF581A15}.Debug|Any CPU.Build.0 = Debug|Any CPU
		{EC5160A3-F5DE-4361-8062-DECFDF581A15}.Release|Any CPU.ActiveCfg = Release|Any CPU
		{EC5160A3-F5DE-4361-8062-DECFDF581A15}.Release|Any CPU.Build.0 = Release|Any CPU
		{279F75F4-78DD-4A16-A651-D6DCC97EABC6}.Debug|Any CPU.ActiveCfg = Debug|Any CPU
		{279F75F4-78DD-4A16-A651-D6DCC97EABC6}.Debug|Any CPU.Build.0 = Debug|Any CPU
		{279F75F4-78DD-4A16-A651-D6DCC97EABC6}.Release|Any CPU.ActiveCfg = Release|Any CPU
		{279F75F4-78DD-4A16-A651-D6DCC97EABC6}.Release|Any CPU.Build.0 = Release|Any CPU
	EndGlobalSection
	GlobalSection(SolutionProperties) = preSolution
		HideSolutionNode = FALSE
	EndGlobalSection
	GlobalSection(ExtensibilityGlobals) = postSolution
		SolutionGuid = {6E065D8C-30A7-40EF-927B-5C78EA212917}
	EndGlobalSection
EndGlobal
